
Microsoft Visual Studio Solution File, Format Version 12.00
# Visual Studio Version 17
VisualStudioVersion = 17.3.32901.215
MinimumVisualStudioVersion = 10.0.40219.1
Project("{FAE04EC0-301F-11D3-BF4B-00C04F79EFBC}") = "Recover", "Recover\Recover.csproj", "{EE4B96E9-50AD-44EE-8848-C7F3B969E813}"
EndProject
Global
	GlobalSection(SolutionConfigurationPlatforms) = preSolution
		Debug|Any CPU = Debug|Any CPU
		Release|Any CPU = Release|Any CPU
	EndGlobalSection
	GlobalSection(ProjectConfigurationPlatforms) = postSolution
		{EE4B96E9-50AD-44EE-8848-C7F3B969E813}.Debug|Any CPU.ActiveCfg = Debug|Any CPU
		{EE4B96E9-50AD-44EE-8848-C7F3B969E813}.Debug|Any CPU.Build.0 = Debug|Any CPU
		{EE4B96E9-50AD-44EE-8848-C7F3B969E813}.Release|Any CPU.ActiveCfg = Release|Any CPU
		{EE4B96E9-50AD-44EE-8848-C7F3B969E813}.Release|Any CPU.Build.0 = Release|Any CPU
	EndGlobalSection
	GlobalSection(SolutionProperties) = preSolution
		HideSolutionNode = FALSE
	EndGlobalSection
	GlobalSection(ExtensibilityGlobals) = postSolution
		SolutionGuid = {E4298A6B-4543-42E5-8042-3FB504FF69B5}
	EndGlobalSection
EndGlobal
