
Microsoft Visual Studio Solution File, Format Version 12.00
# Visual Studio Version 17
VisualStudioVersion = 17.3.32901.215
MinimumVisualStudioVersion = 10.0.40219.1
Project("{9A19103F-16F7-4668-BE54-9A1E7A4F7556}") = "字符串中第一个唯一字符", "字符串中第一个唯一字符.csproj", "{758ABCCD-9688-4AD4-9FD6-E74AC9EB9CC2}"
EndProject
Project("{9A19103F-16F7-4668-BE54-9A1E7A4F7556}") = "整数反转", "..\整数反转\整数反转.csproj", "{9937A744-547F-4747-8859-C80E99B9221F}"
EndProject
Project("{9A19103F-16F7-4668-BE54-9A1E7A4F7556}") = "有效的字母异位词", "..\有效的字母异位词\有效的字母异位词.csproj", "{9742C90B-2586-4E1A-A5F0-D6C93C976769}"
EndProject
Project("{9A19103F-16F7-4668-BE54-9A1E7A4F7556}") = "验证回文串", "..\验证回文串\验证回文串.csproj", "{2CB58F0D-D6C7-44CA-B200-321FD14846BA}"
EndProject
Project("{9A19103F-16F7-4668-BE54-9A1E7A4F7556}") = "字符串转换整数", "..\字符串转换整数\字符串转换整数.csproj", "{AB1C34D0-12F6-4CA2-9757-9FCD7D160DEA}"
EndProject
Project("{9A19103F-16F7-4668-BE54-9A1E7A4F7556}") = "实现strStr", "..\实现strStr\实现strStr.csproj", "{0493FD5B-CB6D-4CF8-8135-B4A953A8AA7A}"
EndProject
Project("{9A19103F-16F7-4668-BE54-9A1E7A4F7556}") = "外观数列", "..\外观数列\外观数列.csproj", "{83CBADFE-783D-4FB8-8DCE-F6813203FFA1}"
EndProject
Project("{9A19103F-16F7-4668-BE54-9A1E7A4F7556}") = "最长公共前缀", "..\最长公共前缀\最长公共前缀.csproj", "{DD904E97-77BA-4056-ADF3-AE4A462EA7E1}"
EndProject
Project("{9A19103F-16F7-4668-BE54-9A1E7A4F7556}") = "爬楼梯", "..\爬楼梯\爬楼梯.csproj", "{D9871B77-CEEC-435E-A3C2-AAF60AC2569B}"
EndProject
Project("{9A19103F-16F7-4668-BE54-9A1E7A4F7556}") = "链表1_删除链表中的节点", "..\链表1_删除链表中的节点\链表1_删除链表中的节点.csproj", "{B9AF2403-287A-4AD7-BEC5-CC73655CABE3}"
EndProject
Project("{9A19103F-16F7-4668-BE54-9A1E7A4F7556}") = "链表2_删除链表的倒数第N个节点", "..\链表2_删除链表的倒数第N个节点\链表2_删除链表的倒数第N个节点.csproj", "{6958B6D4-7453-4E91-918A-7B2611F4BE00}"
EndProject
Project("{9A19103F-16F7-4668-BE54-9A1E7A4F7556}") = "链表3_反转链表", "..\链表3_反转链表\链表3_反转链表.csproj", "{738A2524-DF4F-4185-8F6A-E3B633EA59B9}"
EndProject
Project("{9A19103F-16F7-4668-BE54-9A1E7A4F7556}") = "链表4_合并两有序链表", "..\链表4_合并两有序链表\链表4_合并两有序链表.csproj", "{82BA0E7B-F522-4543-95DC-CECED434F483}"
EndProject
Project("{9A19103F-16F7-4668-BE54-9A1E7A4F7556}") = "链表5_回文链表", "..\链表5_回文链表\链表5_回文链表.csproj", "{966EC576-3D02-48F0-96C2-9FC09444D502}"
EndProject
Project("{9A19103F-16F7-4668-BE54-9A1E7A4F7556}") = "链表6_环形链表", "..\链表6_环形链表\链表6_环形链表.csproj", "{C0718727-B518-4FF7-AFCA-42724CF97CA5}"
EndProject
Project("{9A19103F-16F7-4668-BE54-9A1E7A4F7556}") = "树_二叉树的最大深度", "..\树_二叉树的最大深度\树_二叉树的最大深度.csproj", "{881A9D50-84A3-40A1-A0FB-BFBD8B5B708A}"
EndProject
Project("{9A19103F-16F7-4668-BE54-9A1E7A4F7556}") = "树_验证二叉树", "..\树_验证二叉树\树_验证二叉树.csproj", "{06579096-288E-4D20-B0E1-A6048E988E20}"
EndProject
Project("{FAE04EC0-301F-11D3-BF4B-00C04F79EFBC}") = "树_验证对称二叉树", "..\树_验证对称二叉树\树_验证对称二叉树.csproj", "{F0CD8164-2C30-447B-861A-50144F9C9BA9}"
EndProject
Global
	GlobalSection(SolutionConfigurationPlatforms) = preSolution
		Debug|Any CPU = Debug|Any CPU
		Debug|x64 = Debug|x64
		Debug|x86 = Debug|x86
		Release|Any CPU = Release|Any CPU
		Release|x64 = Release|x64
		Release|x86 = Release|x86
	EndGlobalSection
	GlobalSection(ProjectConfigurationPlatforms) = postSolution
		{758ABCCD-9688-4AD4-9FD6-E74AC9EB9CC2}.Debug|Any CPU.ActiveCfg = Debug|Any CPU
		{758ABCCD-9688-4AD4-9FD6-E74AC9EB9CC2}.Debug|Any CPU.Build.0 = Debug|Any CPU
		{758ABCCD-9688-4AD4-9FD6-E74AC9EB9CC2}.Debug|x64.ActiveCfg = Debug|Any CPU
		{758ABCCD-9688-4AD4-9FD6-E74AC9EB9CC2}.Debug|x64.Build.0 = Debug|Any CPU
		{758ABCCD-9688-4AD4-9FD6-E74AC9EB9CC2}.Debug|x86.ActiveCfg = Debug|Any CPU
		{758ABCCD-9688-4AD4-9FD6-E74AC9EB9CC2}.Debug|x86.Build.0 = Debug|Any CPU
		{758ABCCD-9688-4AD4-9FD6-E74AC9EB9CC2}.Release|Any CPU.ActiveCfg = Release|Any CPU
		{758ABCCD-9688-4AD4-9FD6-E74AC9EB9CC2}.Release|Any CPU.Build.0 = Release|Any CPU
		{758ABCCD-9688-4AD4-9FD6-E74AC9EB9CC2}.Release|x64.ActiveCfg = Release|Any CPU
		{758ABCCD-9688-4AD4-9FD6-E74AC9EB9CC2}.Release|x64.Build.0 = Release|Any CPU
		{758ABCCD-9688-4AD4-9FD6-E74AC9EB9CC2}.Release|x86.ActiveCfg = Release|Any CPU
		{758ABCCD-9688-4AD4-9FD6-E74AC9EB9CC2}.Release|x86.Build.0 = Release|Any CPU
		{9937A744-547F-4747-8859-C80E99B9221F}.Debug|Any CPU.ActiveCfg = Debug|Any CPU
		{9937A744-547F-4747-8859-C80E99B9221F}.Debug|Any CPU.Build.0 = Debug|Any CPU
		{9937A744-547F-4747-8859-C80E99B9221F}.Debug|x64.ActiveCfg = Debug|Any CPU
		{9937A744-547F-4747-8859-C80E99B9221F}.Debug|x64.Build.0 = Debug|Any CPU
		{9937A744-547F-4747-8859-C80E99B9221F}.Debug|x86.ActiveCfg = Debug|Any CPU
		{9937A744-547F-4747-8859-C80E99B9221F}.Debug|x86.Build.0 = Debug|Any CPU
		{9937A744-547F-4747-8859-C80E99B9221F}.Release|Any CPU.ActiveCfg = Release|Any CPU
		{9937A744-547F-4747-8859-C80E99B9221F}.Release|Any CPU.Build.0 = Release|Any CPU
		{9937A744-547F-4747-8859-C80E99B9221F}.Release|x64.ActiveCfg = Release|Any CPU
		{9937A744-547F-4747-8859-C80E99B9221F}.Release|x64.Build.0 = Release|Any CPU
		{9937A744-547F-4747-8859-C80E99B9221F}.Release|x86.ActiveCfg = Release|Any CPU
		{9937A744-547F-4747-8859-C80E99B9221F}.Release|x86.Build.0 = Release|Any CPU
		{9742C90B-2586-4E1A-A5F0-D6C93C976769}.Debug|Any CPU.ActiveCfg = Debug|Any CPU
		{9742C90B-2586-4E1A-A5F0-D6C93C976769}.Debug|Any CPU.Build.0 = Debug|Any CPU
		{9742C90B-2586-4E1A-A5F0-D6C93C976769}.Debug|x64.ActiveCfg = Debug|Any CPU
		{9742C90B-2586-4E1A-A5F0-D6C93C976769}.Debug|x64.Build.0 = Debug|Any CPU
		{9742C90B-2586-4E1A-A5F0-D6C93C976769}.Debug|x86.ActiveCfg = Debug|Any CPU
		{9742C90B-2586-4E1A-A5F0-D6C93C976769}.Debug|x86.Build.0 = Debug|Any CPU
		{9742C90B-2586-4E1A-A5F0-D6C93C976769}.Release|Any CPU.ActiveCfg = Release|Any CPU
		{9742C90B-2586-4E1A-A5F0-D6C93C976769}.Release|Any CPU.Build.0 = Release|Any CPU
		{9742C90B-2586-4E1A-A5F0-D6C93C976769}.Release|x64.ActiveCfg = Release|Any CPU
		{9742C90B-2586-4E1A-A5F0-D6C93C976769}.Release|x64.Build.0 = Release|Any CPU
		{9742C90B-2586-4E1A-A5F0-D6C93C976769}.Release|x86.ActiveCfg = Release|Any CPU
		{9742C90B-2586-4E1A-A5F0-D6C93C976769}.Release|x86.Build.0 = Release|Any CPU
		{2CB58F0D-D6C7-44CA-B200-321FD14846BA}.Debug|Any CPU.ActiveCfg = Debug|Any CPU
		{2CB58F0D-D6C7-44CA-B200-321FD14846BA}.Debug|Any CPU.Build.0 = Debug|Any CPU
		{2CB58F0D-D6C7-44CA-B200-321FD14846BA}.Debug|x64.ActiveCfg = Debug|Any CPU
		{2CB58F0D-D6C7-44CA-B200-321FD14846BA}.Debug|x64.Build.0 = Debug|Any CPU
		{2CB58F0D-D6C7-44CA-B200-321FD14846BA}.Debug|x86.ActiveCfg = Debug|Any CPU
		{2CB58F0D-D6C7-44CA-B200-321FD14846BA}.Debug|x86.Build.0 = Debug|Any CPU
		{2CB58F0D-D6C7-44CA-B200-321FD14846BA}.Release|Any CPU.ActiveCfg = Release|Any CPU
		{2CB58F0D-D6C7-44CA-B200-321FD14846BA}.Release|Any CPU.Build.0 = Release|Any CPU
		{2CB58F0D-D6C7-44CA-B200-321FD14846BA}.Release|x64.ActiveCfg = Release|Any CPU
		{2CB58F0D-D6C7-44CA-B200-321FD14846BA}.Release|x64.Build.0 = Release|Any CPU
		{2CB58F0D-D6C7-44CA-B200-321FD14846BA}.Release|x86.ActiveCfg = Release|Any CPU
		{2CB58F0D-D6C7-44CA-B200-321FD14846BA}.Release|x86.Build.0 = Release|Any CPU
		{AB1C34D0-12F6-4CA2-9757-9FCD7D160DEA}.Debug|Any CPU.ActiveCfg = Debug|Any CPU
		{AB1C34D0-12F6-4CA2-9757-9FCD7D160DEA}.Debug|Any CPU.Build.0 = Debug|Any CPU
		{AB1C34D0-12F6-4CA2-9757-9FCD7D160DEA}.Debug|x64.ActiveCfg = Debug|Any CPU
		{AB1C34D0-12F6-4CA2-9757-9FCD7D160DEA}.Debug|x64.Build.0 = Debug|Any CPU
		{AB1C34D0-12F6-4CA2-9757-9FCD7D160DEA}.Debug|x86.ActiveCfg = Debug|Any CPU
		{AB1C34D0-12F6-4CA2-9757-9FCD7D160DEA}.Debug|x86.Build.0 = Debug|Any CPU
		{AB1C34D0-12F6-4CA2-9757-9FCD7D160DEA}.Release|Any CPU.ActiveCfg = Release|Any CPU
		{AB1C34D0-12F6-4CA2-9757-9FCD7D160DEA}.Release|Any CPU.Build.0 = Release|Any CPU
		{AB1C34D0-12F6-4CA2-9757-9FCD7D160DEA}.Release|x64.ActiveCfg = Release|Any CPU
		{AB1C34D0-12F6-4CA2-9757-9FCD7D160DEA}.Release|x64.Build.0 = Release|Any CPU
		{AB1C34D0-12F6-4CA2-9757-9FCD7D160DEA}.Release|x86.ActiveCfg = Release|Any CPU
		{AB1C34D0-12F6-4CA2-9757-9FCD7D160DEA}.Release|x86.Build.0 = Release|Any CPU
		{0493FD5B-CB6D-4CF8-8135-B4A953A8AA7A}.Debug|Any CPU.ActiveCfg = Debug|Any CPU
		{0493FD5B-CB6D-4CF8-8135-B4A953A8AA7A}.Debug|Any CPU.Build.0 = Debug|Any CPU
		{0493FD5B-CB6D-4CF8-8135-B4A953A8AA7A}.Debug|x64.ActiveCfg = Debug|Any CPU
		{0493FD5B-CB6D-4CF8-8135-B4A953A8AA7A}.Debug|x64.Build.0 = Debug|Any CPU
		{0493FD5B-CB6D-4CF8-8135-B4A953A8AA7A}.Debug|x86.ActiveCfg = Debug|Any CPU
		{0493FD5B-CB6D-4CF8-8135-B4A953A8AA7A}.Debug|x86.Build.0 = Debug|Any CPU
		{0493FD5B-CB6D-4CF8-8135-B4A953A8AA7A}.Release|Any CPU.ActiveCfg = Release|Any CPU
		{0493FD5B-CB6D-4CF8-8135-B4A953A8AA7A}.Release|Any CPU.Build.0 = Release|Any CPU
		{0493FD5B-CB6D-4CF8-8135-B4A953A8AA7A}.Release|x64.ActiveCfg = Release|Any CPU
		{0493FD5B-CB6D-4CF8-8135-B4A953A8AA7A}.Release|x64.Build.0 = Release|Any CPU
		{0493FD5B-CB6D-4CF8-8135-B4A953A8AA7A}.Release|x86.ActiveCfg = Release|Any CPU
		{0493FD5B-CB6D-4CF8-8135-B4A953A8AA7A}.Release|x86.Build.0 = Release|Any CPU
		{83CBADFE-783D-4FB8-8DCE-F6813203FFA1}.Debug|Any CPU.ActiveCfg = Debug|Any CPU
		{83CBADFE-783D-4FB8-8DCE-F6813203FFA1}.Debug|Any CPU.Build.0 = Debug|Any CPU
		{83CBADFE-783D-4FB8-8DCE-F6813203FFA1}.Debug|x64.ActiveCfg = Debug|Any CPU
		{83CBADFE-783D-4FB8-8DCE-F6813203FFA1}.Debug|x64.Build.0 = Debug|Any CPU
		{83CBADFE-783D-4FB8-8DCE-F6813203FFA1}.Debug|x86.ActiveCfg = Debug|Any CPU
		{83CBADFE-783D-4FB8-8DCE-F6813203FFA1}.Debug|x86.Build.0 = Debug|Any CPU
		{83CBADFE-783D-4FB8-8DCE-F6813203FFA1}.Release|Any CPU.ActiveCfg = Release|Any CPU
		{83CBADFE-783D-4FB8-8DCE-F6813203FFA1}.Release|Any CPU.Build.0 = Release|Any CPU
		{83CBADFE-783D-4FB8-8DCE-F6813203FFA1}.Release|x64.ActiveCfg = Release|Any CPU
		{83CBADFE-783D-4FB8-8DCE-F6813203FFA1}.Release|x64.Build.0 = Release|Any CPU
		{83CBADFE-783D-4FB8-8DCE-F6813203FFA1}.Release|x86.ActiveCfg = Release|Any CPU
		{83CBADFE-783D-4FB8-8DCE-F6813203FFA1}.Release|x86.Build.0 = Release|Any CPU
		{DD904E97-77BA-4056-ADF3-AE4A462EA7E1}.Debug|Any CPU.ActiveCfg = Debug|Any CPU
		{DD904E97-77BA-4056-ADF3-AE4A462EA7E1}.Debug|Any CPU.Build.0 = Debug|Any CPU
		{DD904E97-77BA-4056-ADF3-AE4A462EA7E1}.Debug|x64.ActiveCfg = Debug|Any CPU
		{DD904E97-77BA-4056-ADF3-AE4A462EA7E1}.Debug|x64.Build.0 = Debug|Any CPU
		{DD904E97-77BA-4056-ADF3-AE4A462EA7E1}.Debug|x86.ActiveCfg = Debug|Any CPU
		{DD904E97-77BA-4056-ADF3-AE4A462EA7E1}.Debug|x86.Build.0 = Debug|Any CPU
		{DD904E97-77BA-4056-ADF3-AE4A462EA7E1}.Release|Any CPU.ActiveCfg = Release|Any CPU
		{DD904E97-77BA-4056-ADF3-AE4A462EA7E1}.Release|Any CPU.Build.0 = Release|Any CPU
		{DD904E97-77BA-4056-ADF3-AE4A462EA7E1}.Release|x64.ActiveCfg = Release|Any CPU
		{DD904E97-77BA-4056-ADF3-AE4A462EA7E1}.Release|x64.Build.0 = Release|Any CPU
		{DD904E97-77BA-4056-ADF3-AE4A462EA7E1}.Release|x86.ActiveCfg = Release|Any CPU
		{DD904E97-77BA-4056-ADF3-AE4A462EA7E1}.Release|x86.Build.0 = Release|Any CPU
		{D9871B77-CEEC-435E-A3C2-AAF60AC2569B}.Debug|Any CPU.ActiveCfg = Debug|Any CPU
		{D9871B77-CEEC-435E-A3C2-AAF60AC2569B}.Debug|Any CPU.Build.0 = Debug|Any CPU
		{D9871B77-CEEC-435E-A3C2-AAF60AC2569B}.Debug|x64.ActiveCfg = Debug|Any CPU
		{D9871B77-CEEC-435E-A3C2-AAF60AC2569B}.Debug|x64.Build.0 = Debug|Any CPU
		{D9871B77-CEEC-435E-A3C2-AAF60AC2569B}.Debug|x86.ActiveCfg = Debug|Any CPU
		{D9871B77-CEEC-435E-A3C2-AAF60AC2569B}.Debug|x86.Build.0 = Debug|Any CPU
		{D9871B77-CEEC-435E-A3C2-AAF60AC2569B}.Release|Any CPU.ActiveCfg = Release|Any CPU
		{D9871B77-CEEC-435E-A3C2-AAF60AC2569B}.Release|Any CPU.Build.0 = Release|Any CPU
		{D9871B77-CEEC-435E-A3C2-AAF60AC2569B}.Release|x64.ActiveCfg = Release|Any CPU
		{D9871B77-CEEC-435E-A3C2-AAF60AC2569B}.Release|x64.Build.0 = Release|Any CPU
		{D9871B77-CEEC-435E-A3C2-AAF60AC2569B}.Release|x86.ActiveCfg = Release|Any CPU
		{D9871B77-CEEC-435E-A3C2-AAF60AC2569B}.Release|x86.Build.0 = Release|Any CPU
		{B9AF2403-287A-4AD7-BEC5-CC73655CABE3}.Debug|Any CPU.ActiveCfg = Debug|Any CPU
		{B9AF2403-287A-4AD7-BEC5-CC73655CABE3}.Debug|Any CPU.Build.0 = Debug|Any CPU
		{B9AF2403-287A-4AD7-BEC5-CC73655CABE3}.Debug|x64.ActiveCfg = Debug|Any CPU
		{B9AF2403-287A-4AD7-BEC5-CC73655CABE3}.Debug|x64.Build.0 = Debug|Any CPU
		{B9AF2403-287A-4AD7-BEC5-CC73655CABE3}.Debug|x86.ActiveCfg = Debug|Any CPU
		{B9AF2403-287A-4AD7-BEC5-CC73655CABE3}.Debug|x86.Build.0 = Debug|Any CPU
		{B9AF2403-287A-4AD7-BEC5-CC73655CABE3}.Release|Any CPU.ActiveCfg = Release|Any CPU
		{B9AF2403-287A-4AD7-BEC5-CC73655CABE3}.Release|Any CPU.Build.0 = Release|Any CPU
		{B9AF2403-287A-4AD7-BEC5-CC73655CABE3}.Release|x64.ActiveCfg = Release|Any CPU
		{B9AF2403-287A-4AD7-BEC5-CC73655CABE3}.Release|x64.Build.0 = Release|Any CPU
		{B9AF2403-287A-4AD7-BEC5-CC73655CABE3}.Release|x86.ActiveCfg = Release|Any CPU
		{B9AF2403-287A-4AD7-BEC5-CC73655CABE3}.Release|x86.Build.0 = Release|Any CPU
		{6958B6D4-7453-4E91-918A-7B2611F4BE00}.Debug|Any CPU.ActiveCfg = Debug|Any CPU
		{6958B6D4-7453-4E91-918A-7B2611F4BE00}.Debug|Any CPU.Build.0 = Debug|Any CPU
		{6958B6D4-7453-4E91-918A-7B2611F4BE00}.Debug|x64.ActiveCfg = Debug|Any CPU
		{6958B6D4-7453-4E91-918A-7B2611F4BE00}.Debug|x64.Build.0 = Debug|Any CPU
		{6958B6D4-7453-4E91-918A-7B2611F4BE00}.Debug|x86.ActiveCfg = Debug|Any CPU
		{6958B6D4-7453-4E91-918A-7B2611F4BE00}.Debug|x86.Build.0 = Debug|Any CPU
		{6958B6D4-7453-4E91-918A-7B2611F4BE00}.Release|Any CPU.ActiveCfg = Release|Any CPU
		{6958B6D4-7453-4E91-918A-7B2611F4BE00}.Release|Any CPU.Build.0 = Release|Any CPU
		{6958B6D4-7453-4E91-918A-7B2611F4BE00}.Release|x64.ActiveCfg = Release|Any CPU
		{6958B6D4-7453-4E91-918A-7B2611F4BE00}.Release|x64.Build.0 = Release|Any CPU
		{6958B6D4-7453-4E91-918A-7B2611F4BE00}.Release|x86.ActiveCfg = Release|Any CPU
		{6958B6D4-7453-4E91-918A-7B2611F4BE00}.Release|x86.Build.0 = Release|Any CPU
		{738A2524-DF4F-4185-8F6A-E3B633EA59B9}.Debug|Any CPU.ActiveCfg = Debug|Any CPU
		{738A2524-DF4F-4185-8F6A-E3B633EA59B9}.Debug|Any CPU.Build.0 = Debug|Any CPU
		{738A2524-DF4F-4185-8F6A-E3B633EA59B9}.Debug|x64.ActiveCfg = Debug|Any CPU
		{738A2524-DF4F-4185-8F6A-E3B633EA59B9}.Debug|x64.Build.0 = Debug|Any CPU
		{738A2524-DF4F-4185-8F6A-E3B633EA59B9}.Debug|x86.ActiveCfg = Debug|Any CPU
		{738A2524-DF4F-4185-8F6A-E3B633EA59B9}.Debug|x86.Build.0 = Debug|Any CPU
		{738A2524-DF4F-4185-8F6A-E3B633EA59B9}.Release|Any CPU.ActiveCfg = Release|Any CPU
		{738A2524-DF4F-4185-8F6A-E3B633EA59B9}.Release|Any CPU.Build.0 = Release|Any CPU
		{738A2524-DF4F-4185-8F6A-E3B633EA59B9}.Release|x64.ActiveCfg = Release|Any CPU
		{738A2524-DF4F-4185-8F6A-E3B633EA59B9}.Release|x64.Build.0 = Release|Any CPU
		{738A2524-DF4F-4185-8F6A-E3B633EA59B9}.Release|x86.ActiveCfg = Release|Any CPU
		{738A2524-DF4F-4185-8F6A-E3B633EA59B9}.Release|x86.Build.0 = Release|Any CPU
		{82BA0E7B-F522-4543-95DC-CECED434F483}.Debug|Any CPU.ActiveCfg = Debug|Any CPU
		{82BA0E7B-F522-4543-95DC-CECED434F483}.Debug|Any CPU.Build.0 = Debug|Any CPU
		{82BA0E7B-F522-4543-95DC-CECED434F483}.Debug|x64.ActiveCfg = Debug|Any CPU
		{82BA0E7B-F522-4543-95DC-CECED434F483}.Debug|x64.Build.0 = Debug|Any CPU
		{82BA0E7B-F522-4543-95DC-CECED434F483}.Debug|x86.ActiveCfg = Debug|Any CPU
		{82BA0E7B-F522-4543-95DC-CECED434F483}.Debug|x86.Build.0 = Debug|Any CPU
		{82BA0E7B-F522-4543-95DC-CECED434F483}.Release|Any CPU.ActiveCfg = Release|Any CPU
		{82BA0E7B-F522-4543-95DC-CECED434F483}.Release|Any CPU.Build.0 = Release|Any CPU
		{82BA0E7B-F522-4543-95DC-CECED434F483}.Release|x64.ActiveCfg = Release|Any CPU
		{82BA0E7B-F522-4543-95DC-CECED434F483}.Release|x64.Build.0 = Release|Any CPU
		{82BA0E7B-F522-4543-95DC-CECED434F483}.Release|x86.ActiveCfg = Release|Any CPU
		{82BA0E7B-F522-4543-95DC-CECED434F483}.Release|x86.Build.0 = Release|Any CPU
		{966EC576-3D02-48F0-96C2-9FC09444D502}.Debug|Any CPU.ActiveCfg = Debug|Any CPU
		{966EC576-3D02-48F0-96C2-9FC09444D502}.Debug|Any CPU.Build.0 = Debug|Any CPU
		{966EC576-3D02-48F0-96C2-9FC09444D502}.Debug|x64.ActiveCfg = Debug|Any CPU
		{966EC576-3D02-48F0-96C2-9FC09444D502}.Debug|x64.Build.0 = Debug|Any CPU
		{966EC576-3D02-48F0-96C2-9FC09444D502}.Debug|x86.ActiveCfg = Debug|Any CPU
		{966EC576-3D02-48F0-96C2-9FC09444D502}.Debug|x86.Build.0 = Debug|Any CPU
		{966EC576-3D02-48F0-96C2-9FC09444D502}.Release|Any CPU.ActiveCfg = Release|Any CPU
		{966EC576-3D02-48F0-96C2-9FC09444D502}.Release|Any CPU.Build.0 = Release|Any CPU
		{966EC576-3D02-48F0-96C2-9FC09444D502}.Release|x64.ActiveCfg = Release|Any CPU
		{966EC576-3D02-48F0-96C2-9FC09444D502}.Release|x64.Build.0 = Release|Any CPU
		{966EC576-3D02-48F0-96C2-9FC09444D502}.Release|x86.ActiveCfg = Release|Any CPU
		{966EC576-3D02-48F0-96C2-9FC09444D502}.Release|x86.Build.0 = Release|Any CPU
		{C0718727-B518-4FF7-AFCA-42724CF97CA5}.Debug|Any CPU.ActiveCfg = Debug|Any CPU
		{C0718727-B518-4FF7-AFCA-42724CF97CA5}.Debug|Any CPU.Build.0 = Debug|Any CPU
		{C0718727-B518-4FF7-AFCA-42724CF97CA5}.Debug|x64.ActiveCfg = Debug|Any CPU
		{C0718727-B518-4FF7-AFCA-42724CF97CA5}.Debug|x64.Build.0 = Debug|Any CPU
		{C0718727-B518-4FF7-AFCA-42724CF97CA5}.Debug|x86.ActiveCfg = Debug|Any CPU
		{C0718727-B518-4FF7-AFCA-42724CF97CA5}.Debug|x86.Build.0 = Debug|Any CPU
		{C0718727-B518-4FF7-AFCA-42724CF97CA5}.Release|Any CPU.ActiveCfg = Release|Any CPU
		{C0718727-B518-4FF7-AFCA-42724CF97CA5}.Release|Any CPU.Build.0 = Release|Any CPU
		{C0718727-B518-4FF7-AFCA-42724CF97CA5}.Release|x64.ActiveCfg = Release|Any CPU
		{C0718727-B518-4FF7-AFCA-42724CF97CA5}.Release|x64.Build.0 = Release|Any CPU
		{C0718727-B518-4FF7-AFCA-42724CF97CA5}.Release|x86.ActiveCfg = Release|Any CPU
		{C0718727-B518-4FF7-AFCA-42724CF97CA5}.Release|x86.Build.0 = Release|Any CPU
		{881A9D50-84A3-40A1-A0FB-BFBD8B5B708A}.Debug|Any CPU.ActiveCfg = Debug|Any CPU
		{881A9D50-84A3-40A1-A0FB-BFBD8B5B708A}.Debug|Any CPU.Build.0 = Debug|Any CPU
		{881A9D50-84A3-40A1-A0FB-BFBD8B5B708A}.Debug|x64.ActiveCfg = Debug|Any CPU
		{881A9D50-84A3-40A1-A0FB-BFBD8B5B708A}.Debug|x64.Build.0 = Debug|Any CPU
		{881A9D50-84A3-40A1-A0FB-BFBD8B5B708A}.Debug|x86.ActiveCfg = Debug|Any CPU
		{881A9D50-84A3-40A1-A0FB-BFBD8B5B708A}.Debug|x86.Build.0 = Debug|Any CPU
		{881A9D50-84A3-40A1-A0FB-BFBD8B5B708A}.Release|Any CPU.ActiveCfg = Release|Any CPU
		{881A9D50-84A3-40A1-A0FB-BFBD8B5B708A}.Release|Any CPU.Build.0 = Release|Any CPU
		{881A9D50-84A3-40A1-A0FB-BFBD8B5B708A}.Release|x64.ActiveCfg = Release|Any CPU
		{881A9D50-84A3-40A1-A0FB-BFBD8B5B708A}.Release|x64.Build.0 = Release|Any CPU
		{881A9D50-84A3-40A1-A0FB-BFBD8B5B708A}.Release|x86.ActiveCfg = Release|Any CPU
		{881A9D50-84A3-40A1-A0FB-BFBD8B5B708A}.Release|x86.Build.0 = Release|Any CPU
		{06579096-288E-4D20-B0E1-A6048E988E20}.Debug|Any CPU.ActiveCfg = Debug|Any CPU
		{06579096-288E-4D20-B0E1-A6048E988E20}.Debug|Any CPU.Build.0 = Debug|Any CPU
		{06579096-288E-4D20-B0E1-A6048E988E20}.Debug|x64.ActiveCfg = Debug|Any CPU
		{06579096-288E-4D20-B0E1-A6048E988E20}.Debug|x64.Build.0 = Debug|Any CPU
		{06579096-288E-4D20-B0E1-A6048E988E20}.Debug|x86.ActiveCfg = Debug|Any CPU
		{06579096-288E-4D20-B0E1-A6048E988E20}.Debug|x86.Build.0 = Debug|Any CPU
		{06579096-288E-4D20-B0E1-A6048E988E20}.Release|Any CPU.ActiveCfg = Release|Any CPU
		{06579096-288E-4D20-B0E1-A6048E988E20}.Release|Any CPU.Build.0 = Release|Any CPU
		{06579096-288E-4D20-B0E1-A6048E988E20}.Release|x64.ActiveCfg = Release|Any CPU
		{06579096-288E-4D20-B0E1-A6048E988E20}.Release|x64.Build.0 = Release|Any CPU
		{06579096-288E-4D20-B0E1-A6048E988E20}.Release|x86.ActiveCfg = Release|Any CPU
		{06579096-288E-4D20-B0E1-A6048E988E20}.Release|x86.Build.0 = Release|Any CPU
		{F0CD8164-2C30-447B-861A-50144F9C9BA9}.Debug|Any CPU.ActiveCfg = Debug|Any CPU
		{F0CD8164-2C30-447B-861A-50144F9C9BA9}.Debug|Any CPU.Build.0 = Debug|Any CPU
		{F0CD8164-2C30-447B-861A-50144F9C9BA9}.Debug|x64.ActiveCfg = Debug|Any CPU
		{F0CD8164-2C30-447B-861A-50144F9C9BA9}.Debug|x64.Build.0 = Debug|Any CPU
		{F0CD8164-2C30-447B-861A-50144F9C9BA9}.Debug|x86.ActiveCfg = Debug|Any CPU
		{F0CD8164-2C30-447B-861A-50144F9C9BA9}.Debug|x86.Build.0 = Debug|Any CPU
		{F0CD8164-2C30-447B-861A-50144F9C9BA9}.Release|Any CPU.ActiveCfg = Release|Any CPU
		{F0CD8164-2C30-447B-861A-50144F9C9BA9}.Release|Any CPU.Build.0 = Release|Any CPU
		{F0CD8164-2C30-447B-861A-50144F9C9BA9}.Release|x64.ActiveCfg = Release|Any CPU
		{F0CD8164-2C30-447B-861A-50144F9C9BA9}.Release|x64.Build.0 = Release|Any CPU
		{F0CD8164-2C30-447B-861A-50144F9C9BA9}.Release|x86.ActiveCfg = Release|Any CPU
		{F0CD8164-2C30-447B-861A-50144F9C9BA9}.Release|x86.Build.0 = Release|Any CPU
	EndGlobalSection
	GlobalSection(SolutionProperties) = preSolution
		HideSolutionNode = FALSE
	EndGlobalSection
	GlobalSection(ExtensibilityGlobals) = postSolution
		SolutionGuid = {4C999EFF-0B86-4B6B-AD5E-6F2926F2F7D9}
	EndGlobalSection
EndGlobal
